
Microsoft Visual Studio Solution File, Format Version 11.00
# Visual Studio 2010
Project("{FAE04EC0-301F-11D3-BF4B-00C04F79EFBC}") = "Zenject", "Zenject.csproj", "{73621e24-52cb-048d-8fd7-cba9dbacf2b0}"
EndProject
Project("{FAE04EC0-301F-11D3-BF4B-00C04F79EFBC}") = "UniTask", "UniTask.csproj", "{fa1fd4cd-4ae1-a406-0c2f-1042c24d51ae}"
EndProject
Project("{FAE04EC0-301F-11D3-BF4B-00C04F79EFBC}") = "Assembly-CSharp", "Assembly-CSharp.csproj", "{f49422fb-c659-81f5-3836-7fef51866055}"
EndProject
Project("{FAE04EC0-301F-11D3-BF4B-00C04F79EFBC}") = "UniTask.Linq", "UniTask.Linq.csproj", "{c387c7de-b295-4b2a-f465-f8aa7e3c2989}"
EndProject
Project("{FAE04EC0-301F-11D3-BF4B-00C04F79EFBC}") = "UniRx", "UniRx.csproj", "{6c4e9346-077b-f2a0-5a19-873d816893f9}"
EndProject
Project("{FAE04EC0-301F-11D3-BF4B-00C04F79EFBC}") = "Zenject-IntegrationTests", "Zenject-IntegrationTests.csproj", "{4b86e0fc-fcda-3420-ddbc-df0ff80a4f6e}"
EndProject
Project("{FAE04EC0-301F-11D3-BF4B-00C04F79EFBC}") = "Zenject-IntegrationTests-Editor", "Zenject-IntegrationTests-Editor.csproj", "{8c6e3b35-d724-b30d-308a-a9d940db1661}"
EndProject
Project("{FAE04EC0-301F-11D3-BF4B-00C04F79EFBC}") = "UniTask.DOTween", "UniTask.DOTween.csproj", "{0688944a-b88d-471c-24e2-8b368290fc92}"
EndProject
Project("{FAE04EC0-301F-11D3-BF4B-00C04F79EFBC}") = "UniRx.Examples", "UniRx.Examples.csproj", "{392f1f36-50f2-655a-e0c1-133a7c58aa61}"
EndProject
Project("{FAE04EC0-301F-11D3-BF4B-00C04F79EFBC}") = "UniTask.Addressables", "UniTask.Addressables.csproj", "{aee425e1-0e43-8754-10bc-f3d84de252a0}"
EndProject
Project("{FAE04EC0-301F-11D3-BF4B-00C04F79EFBC}") = "UniTask.TextMeshPro", "UniTask.TextMeshPro.csproj", "{ba856d1b-ea94-1abd-263f-c5b4585c8e41}"
EndProject
Project("{FAE04EC0-301F-11D3-BF4B-00C04F79EFBC}") = "Zenject-PoolMonitor-Editor", "Zenject-PoolMonitor-Editor.csproj", "{86a15f15-6ecb-24f3-c5df-c786e18fbcbe}"
EndProject
Project("{FAE04EC0-301F-11D3-BF4B-00C04F79EFBC}") = "Zenject-UnitTests-Editor", "Zenject-UnitTests-Editor.csproj", "{614b187d-164e-362d-3f89-a3e26b21c76d}"
EndProject
Project("{FAE04EC0-301F-11D3-BF4B-00C04F79EFBC}") = "Zenject-TestFramework", "Zenject-TestFramework.csproj", "{6635f0ed-90bf-832e-00d0-6ff41b6a9c6f}"
EndProject
Project("{FAE04EC0-301F-11D3-BF4B-00C04F79EFBC}") = "UniTask.Editor", "UniTask.Editor.csproj", "{ad8aa699-6173-a9f1-03aa-c6e142c8baa6}"
EndProject
Project("{FAE04EC0-301F-11D3-BF4B-00C04F79EFBC}") = "Zenject-ReflectionBaking-Editor", "Zenject-ReflectionBaking-Editor.csproj", "{7e5277e2-2053-65f1-e771-91c4b651b288}"
EndProject
Project("{FAE04EC0-301F-11D3-BF4B-00C04F79EFBC}") = "Zenject-Editor", "Zenject-Editor.csproj", "{2241492c-422a-cda4-f244-2f183f4b5833}"
EndProject
Project("{FAE04EC0-301F-11D3-BF4B-00C04F79EFBC}") = "Assembly-CSharp-firstpass", "Assembly-CSharp-firstpass.csproj", "{d68c03fa-643b-2087-b578-651170bc2a06}"
EndProject
Global
	GlobalSection(SolutionConfigurationPlatforms) = preSolution
		Debug|Any CPU = Debug|Any CPU
	EndGlobalSection
	GlobalSection(ProjectConfigurationPlatforms) = postSolution
		{73621e24-52cb-048d-8fd7-cba9dbacf2b0}.Debug|Any CPU.ActiveCfg = Debug|Any CPU
		{73621e24-52cb-048d-8fd7-cba9dbacf2b0}.Debug|Any CPU.Build.0 = Debug|Any CPU
		{fa1fd4cd-4ae1-a406-0c2f-1042c24d51ae}.Debug|Any CPU.ActiveCfg = Debug|Any CPU
		{fa1fd4cd-4ae1-a406-0c2f-1042c24d51ae}.Debug|Any CPU.Build.0 = Debug|Any CPU
		{f49422fb-c659-81f5-3836-7fef51866055}.Debug|Any CPU.ActiveCfg = Debug|Any CPU
		{f49422fb-c659-81f5-3836-7fef51866055}.Debug|Any CPU.Build.0 = Debug|Any CPU
		{c387c7de-b295-4b2a-f465-f8aa7e3c2989}.Debug|Any CPU.ActiveCfg = Debug|Any CPU
		{c387c7de-b295-4b2a-f465-f8aa7e3c2989}.Debug|Any CPU.Build.0 = Debug|Any CPU
		{6c4e9346-077b-f2a0-5a19-873d816893f9}.Debug|Any CPU.ActiveCfg = Debug|Any CPU
		{6c4e9346-077b-f2a0-5a19-873d816893f9}.Debug|Any CPU.Build.0 = Debug|Any CPU
		{4b86e0fc-fcda-3420-ddbc-df0ff80a4f6e}.Debug|Any CPU.ActiveCfg = Debug|Any CPU
		{4b86e0fc-fcda-3420-ddbc-df0ff80a4f6e}.Debug|Any CPU.Build.0 = Debug|Any CPU
		{8c6e3b35-d724-b30d-308a-a9d940db1661}.Debug|Any CPU.ActiveCfg = Debug|Any CPU
		{8c6e3b35-d724-b30d-308a-a9d940db1661}.Debug|Any CPU.Build.0 = Debug|Any CPU
		{0688944a-b88d-471c-24e2-8b368290fc92}.Debug|Any CPU.ActiveCfg = Debug|Any CPU
		{0688944a-b88d-471c-24e2-8b368290fc92}.Debug|Any CPU.Build.0 = Debug|Any CPU
		{392f1f36-50f2-655a-e0c1-133a7c58aa61}.Debug|Any CPU.ActiveCfg = Debug|Any CPU
		{392f1f36-50f2-655a-e0c1-133a7c58aa61}.Debug|Any CPU.Build.0 = Debug|Any CPU
		{aee425e1-0e43-8754-10bc-f3d84de252a0}.Debug|Any CPU.ActiveCfg = Debug|Any CPU
		{aee425e1-0e43-8754-10bc-f3d84de252a0}.Debug|Any CPU.Build.0 = Debug|Any CPU
		{ba856d1b-ea94-1abd-263f-c5b4585c8e41}.Debug|Any CPU.ActiveCfg = Debug|Any CPU
		{ba856d1b-ea94-1abd-263f-c5b4585c8e41}.Debug|Any CPU.Build.0 = Debug|Any CPU
		{86a15f15-6ecb-24f3-c5df-c786e18fbcbe}.Debug|Any CPU.ActiveCfg = Debug|Any CPU
		{86a15f15-6ecb-24f3-c5df-c786e18fbcbe}.Debug|Any CPU.Build.0 = Debug|Any CPU
		{614b187d-164e-362d-3f89-a3e26b21c76d}.Debug|Any CPU.ActiveCfg = Debug|Any CPU
		{614b187d-164e-362d-3f89-a3e26b21c76d}.Debug|Any CPU.Build.0 = Debug|Any CPU
		{6635f0ed-90bf-832e-00d0-6ff41b6a9c6f}.Debug|Any CPU.ActiveCfg = Debug|Any CPU
		{6635f0ed-90bf-832e-00d0-6ff41b6a9c6f}.Debug|Any CPU.Build.0 = Debug|Any CPU
		{ad8aa699-6173-a9f1-03aa-c6e142c8baa6}.Debug|Any CPU.ActiveCfg = Debug|Any CPU
		{ad8aa699-6173-a9f1-03aa-c6e142c8baa6}.Debug|Any CPU.Build.0 = Debug|Any CPU
		{7e5277e2-2053-65f1-e771-91c4b651b288}.Debug|Any CPU.ActiveCfg = Debug|Any CPU
		{7e5277e2-2053-65f1-e771-91c4b651b288}.Debug|Any CPU.Build.0 = Debug|Any CPU
		{2241492c-422a-cda4-f244-2f183f4b5833}.Debug|Any CPU.ActiveCfg = Debug|Any CPU
		{2241492c-422a-cda4-f244-2f183f4b5833}.Debug|Any CPU.Build.0 = Debug|Any CPU
		{d68c03fa-643b-2087-b578-651170bc2a06}.Debug|Any CPU.ActiveCfg = Debug|Any CPU
		{d68c03fa-643b-2087-b578-651170bc2a06}.Debug|Any CPU.Build.0 = Debug|Any CPU
	EndGlobalSection
	GlobalSection(SolutionProperties) = preSolution
		HideSolutionNode = FALSE
	EndGlobalSection
EndGlobal
